
Microsoft Visual Studio Solution File, Format Version 12.00
# Visual Studio 15
Project("{FAE04EC0-301F-11D3-BF4B-00C04F79EFBC}") = "Assembly-CSharp", "Assembly-CSharp.csproj", "{D69AB91B-0981-8846-B761-2EA4BA1A83F1}"
EndProject
Project("{FAE04EC0-301F-11D3-BF4B-00C04F79EFBC}") = "Assembly-CSharp-Editor", "Assembly-CSharp-Editor.csproj", "{525FDEA5-0638-E55C-B29E-868CC461FEAA}"
EndProject
Global
	GlobalSection(SolutionConfigurationPlatforms) = preSolution
		Debug|Any CPU = Debug|Any CPU
		Release|Any CPU = Release|Any CPU
	EndGlobalSection
	GlobalSection(ProjectConfigurationPlatforms) = postSolution
		{D69AB91B-0981-8846-B761-2EA4BA1A83F1}.Debug|Any CPU.ActiveCfg = Debug|Any CPU
		{D69AB91B-0981-8846-B761-2EA4BA1A83F1}.Debug|Any CPU.Build.0 = Debug|Any CPU
		{D69AB91B-0981-8846-B761-2EA4BA1A83F1}.Release|Any CPU.ActiveCfg = Release|Any CPU
		{D69AB91B-0981-8846-B761-2EA4BA1A83F1}.Release|Any CPU.Build.0 = Release|Any CPU
		{525FDEA5-0638-E55C-B29E-868CC461FEAA}.Debug|Any CPU.ActiveCfg = Debug|Any CPU
		{525FDEA5-0638-E55C-B29E-868CC461FEAA}.Debug|Any CPU.Build.0 = Debug|Any CPU
		{525FDEA5-0638-E55C-B29E-868CC461FEAA}.Release|Any CPU.ActiveCfg = Release|Any CPU
		{525FDEA5-0638-E55C-B29E-868CC461FEAA}.Release|Any CPU.Build.0 = Release|Any CPU
	EndGlobalSection
	GlobalSection(SolutionProperties) = preSolution
		HideSolutionNode = FALSE
	EndGlobalSection
EndGlobal
